
Microsoft Visual Studio Solution File, Format Version 12.00
# Visual Studio Version 17
VisualStudioVersion = 17.8.34408.163
MinimumVisualStudioVersion = 10.0.40219.1
Project("{FAE04EC0-301F-11D3-BF4B-00C04F79EFBC}") = "SonarAnalyzer.Console", "src\SonarAnalyzer.Console\SonarAnalyzer.Console.csproj", "{A08A5EA7-6C7F-442C-A32C-5FE30B6B3012}"
EndProject
Global
	GlobalSection(SolutionConfigurationPlatforms) = preSolution
		Debug|Any CPU = Debug|Any CPU
		Release|Any CPU = Release|Any CPU
	EndGlobalSection
	GlobalSection(ProjectConfigurationPlatforms) = postSolution
		{A08A5EA7-6C7F-442C-A32C-5FE30B6B3012}.Debug|Any CPU.ActiveCfg = Debug|Any CPU
		{A08A5EA7-6C7F-442C-A32C-5FE30B6B3012}.Debug|Any CPU.Build.0 = Debug|Any CPU
		{A08A5EA7-6C7F-442C-A32C-5FE30B6B3012}.Release|Any CPU.ActiveCfg = Release|Any CPU
		{A08A5EA7-6C7F-442C-A32C-5FE30B6B3012}.Release|Any CPU.Build.0 = Release|Any CPU
	EndGlobalSection
	GlobalSection(SolutionProperties) = preSolution
		HideSolutionNode = FALSE
	EndGlobalSection
	GlobalSection(ExtensibilityGlobals) = postSolution
		SolutionGuid = {C576DBF9-EDB7-437C-A7BB-55C6CA4E6303}
	EndGlobalSection
EndGlobal
